// !$*UTF8*$!
{
	archiveVersion = 1;
	classes = {
	};
	objectVersion = 50;
	objects = {

/* Begin PBXBuildFile section */
		0820068C22762DE0004F6F58 /* CurrencyExchangeRate.swift in Sources */ = {isa = PBXBuildFile; fileRef = 0820068B22762DE0004F6F58 /* CurrencyExchangeRate.swift */; };
		0820068F2276336B004F6F58 /* CurrencyExchangeRate.swift in Sources */ = {isa = PBXBuildFile; fileRef = 0820068B22762DE0004F6F58 /* CurrencyExchangeRate.swift */; };
		082083DE2275F386002E009C /* CurrencyConverterTests.swift in Sources */ = {isa = PBXBuildFile; fileRef = 082083DD2275F386002E009C /* CurrencyConverterTests.swift */; };
		084EDA4B2279C0BC0013546F /* PropertyListLoader.swift in Sources */ = {isa = PBXBuildFile; fileRef = 084EDA492279C0BC0013546F /* PropertyListLoader.swift */; };
		08568D332267BF71002D70D9 /* SwiftyMoney.framework in Frameworks */ = {isa = PBXBuildFile; fileRef = 08568D292267BF71002D70D9 /* SwiftyMoney.framework */; };
		08568D382267BF71002D70D9 /* MoneyTests.swift in Sources */ = {isa = PBXBuildFile; fileRef = 08568D372267BF71002D70D9 /* MoneyTests.swift */; };
		08568D3A2267BF71002D70D9 /* Money.h in Headers */ = {isa = PBXBuildFile; fileRef = 08568D2C2267BF71002D70D9 /* Money.h */; settings = {ATTRIBUTES = (Public, ); }; };
		08568D442267BF8F002D70D9 /* Currency.swift in Sources */ = {isa = PBXBuildFile; fileRef = 08568D432267BF8F002D70D9 /* Currency.swift */; };
		08568D4E2267C51D002D70D9 /* CurrencyConverter.swift in Sources */ = {isa = PBXBuildFile; fileRef = 08568D4D2267C51D002D70D9 /* CurrencyConverter.swift */; };
		08568D4F2267C51D002D70D9 /* CurrencyConverter.swift in Sources */ = {isa = PBXBuildFile; fileRef = 08568D4D2267C51D002D70D9 /* CurrencyConverter.swift */; };
		08568D512267C5FC002D70D9 /* Money.swift in Sources */ = {isa = PBXBuildFile; fileRef = 08568D502267C5FC002D70D9 /* Money.swift */; };
		08568D522267C5FC002D70D9 /* Money.swift in Sources */ = {isa = PBXBuildFile; fileRef = 08568D502267C5FC002D70D9 /* Money.swift */; };
		08568D532267D011002D70D9 /* Currency.swift in Sources */ = {isa = PBXBuildFile; fileRef = 08568D432267BF8F002D70D9 /* Currency.swift */; };
		08A37E04227F4B2300AEA5C4 /* CurrencyFormatter.swift in Sources */ = {isa = PBXBuildFile; fileRef = 08A37E03227F4B2300AEA5C4 /* CurrencyFormatter.swift */; };
		08A37E05227F4B2300AEA5C4 /* CurrencyFormatter.swift in Sources */ = {isa = PBXBuildFile; fileRef = 08A37E03227F4B2300AEA5C4 /* CurrencyFormatter.swift */; };
		08A37E0B227F4BAD00AEA5C4 /* MoneyFormatterTests.swift in Sources */ = {isa = PBXBuildFile; fileRef = 08A37E09227F4BAD00AEA5C4 /* MoneyFormatterTests.swift */; };
		08C16AE4227B650A00B1FEFA /* eurExchangeRates.plist in Resources */ = {isa = PBXBuildFile; fileRef = 08E23D132279CFEC001F5B30 /* eurExchangeRates.plist */; };
		08C16AEA227B773400B1FEFA /* MoneyWithConversion.swift in Sources */ = {isa = PBXBuildFile; fileRef = 08C16AE9227B773400B1FEFA /* MoneyWithConversion.swift */; };
		08E7C3B4228211C200FD2592 /* CurrencySubunit.swift in Sources */ = {isa = PBXBuildFile; fileRef = 08E7C3B3228211C200FD2592 /* CurrencySubunit.swift */; };
		08E7C3B5228211C200FD2592 /* CurrencySubunit.swift in Sources */ = {isa = PBXBuildFile; fileRef = 08E7C3B3228211C200FD2592 /* CurrencySubunit.swift */; };
		08E7C3DB2282300900FD2592 /* PredefinedCurrencies.swift in Sources */ = {isa = PBXBuildFile; fileRef = 08E7C3DA2282300900FD2592 /* PredefinedCurrencies.swift */; };
/* End PBXBuildFile section */

/* Begin PBXContainerItemProxy section */
		08568D342267BF71002D70D9 /* PBXContainerItemProxy */ = {
			isa = PBXContainerItemProxy;
			containerPortal = 08568D202267BF71002D70D9 /* Project object */;
			proxyType = 1;
			remoteGlobalIDString = 08568D282267BF71002D70D9;
			remoteInfo = Money;
		};
/* End PBXContainerItemProxy section */

/* Begin PBXFileReference section */
		0820068B22762DE0004F6F58 /* CurrencyExchangeRate.swift */ = {isa = PBXFileReference; fileEncoding = 4; lastKnownFileType = sourcecode.swift; path = CurrencyExchangeRate.swift; sourceTree = "<group>"; };
		082083DD2275F386002E009C /* CurrencyConverterTests.swift */ = {isa = PBXFileReference; lastKnownFileType = sourcecode.swift; path = CurrencyConverterTests.swift; sourceTree = "<group>"; };
		084EDA492279C0BC0013546F /* PropertyListLoader.swift */ = {isa = PBXFileReference; lastKnownFileType = sourcecode.swift; path = PropertyListLoader.swift; sourceTree = "<group>"; };
		08568D292267BF71002D70D9 /* SwiftyMoney.framework */ = {isa = PBXFileReference; explicitFileType = wrapper.framework; includeInIndex = 0; path = SwiftyMoney.framework; sourceTree = BUILT_PRODUCTS_DIR; };
		08568D2C2267BF71002D70D9 /* Money.h */ = {isa = PBXFileReference; lastKnownFileType = sourcecode.c.h; path = Money.h; sourceTree = "<group>"; };
		08568D2D2267BF71002D70D9 /* Info.plist */ = {isa = PBXFileReference; lastKnownFileType = text.plist.xml; path = Info.plist; sourceTree = "<group>"; };
		08568D322267BF71002D70D9 /* SwiftyMoneyTests.xctest */ = {isa = PBXFileReference; explicitFileType = wrapper.cfbundle; includeInIndex = 0; path = SwiftyMoneyTests.xctest; sourceTree = BUILT_PRODUCTS_DIR; };
		08568D372267BF71002D70D9 /* MoneyTests.swift */ = {isa = PBXFileReference; lastKnownFileType = sourcecode.swift; path = MoneyTests.swift; sourceTree = "<group>"; };
		08568D392267BF71002D70D9 /* Info.plist */ = {isa = PBXFileReference; lastKnownFileType = text.plist.xml; path = Info.plist; sourceTree = "<group>"; };
		08568D432267BF8F002D70D9 /* Currency.swift */ = {isa = PBXFileReference; lastKnownFileType = sourcecode.swift; path = Currency.swift; sourceTree = "<group>"; };
		08568D4D2267C51D002D70D9 /* CurrencyConverter.swift */ = {isa = PBXFileReference; lastKnownFileType = sourcecode.swift; path = CurrencyConverter.swift; sourceTree = "<group>"; };
		08568D502267C5FC002D70D9 /* Money.swift */ = {isa = PBXFileReference; lastKnownFileType = sourcecode.swift; path = Money.swift; sourceTree = "<group>"; };
		08A37E03227F4B2300AEA5C4 /* CurrencyFormatter.swift */ = {isa = PBXFileReference; lastKnownFileType = sourcecode.swift; path = CurrencyFormatter.swift; sourceTree = "<group>"; };
		08A37E09227F4BAD00AEA5C4 /* MoneyFormatterTests.swift */ = {isa = PBXFileReference; lastKnownFileType = sourcecode.swift; path = MoneyFormatterTests.swift; sourceTree = "<group>"; };
		08C16AE9227B773400B1FEFA /* MoneyWithConversion.swift */ = {isa = PBXFileReference; lastKnownFileType = sourcecode.swift; path = MoneyWithConversion.swift; sourceTree = "<group>"; };
		08E23D132279CFEC001F5B30 /* eurExchangeRates.plist */ = {isa = PBXFileReference; lastKnownFileType = text.plist.xml; path = eurExchangeRates.plist; sourceTree = "<group>"; };
		08E7C3B3228211C200FD2592 /* CurrencySubunit.swift */ = {isa = PBXFileReference; lastKnownFileType = sourcecode.swift; path = CurrencySubunit.swift; sourceTree = "<group>"; };
		08E7C3DA2282300900FD2592 /* PredefinedCurrencies.swift */ = {isa = PBXFileReference; lastKnownFileType = sourcecode.swift; path = PredefinedCurrencies.swift; sourceTree = "<group>"; };
/* End PBXFileReference section */

/* Begin PBXFrameworksBuildPhase section */
		08568D262267BF71002D70D9 /* Frameworks */ = {
			isa = PBXFrameworksBuildPhase;
			buildActionMask = 2147483647;
			files = (
			);
			runOnlyForDeploymentPostprocessing = 0;
		};
		08568D2F2267BF71002D70D9 /* Frameworks */ = {
			isa = PBXFrameworksBuildPhase;
			buildActionMask = 2147483647;
			files = (
				08568D332267BF71002D70D9 /* SwiftyMoney.framework in Frameworks */,
			);
			runOnlyForDeploymentPostprocessing = 0;
		};
/* End PBXFrameworksBuildPhase section */

/* Begin PBXGroup section */
		08568D1F2267BF71002D70D9 = {
			isa = PBXGroup;
			children = (
				08568D2B2267BF71002D70D9 /* Money */,
				08568D362267BF71002D70D9 /* MoneyTests */,
				08568D2A2267BF71002D70D9 /* Products */,
			);
			sourceTree = "<group>";
		};
		08568D2A2267BF71002D70D9 /* Products */ = {
			isa = PBXGroup;
			children = (
				08568D292267BF71002D70D9 /* SwiftyMoney.framework */,
				08568D322267BF71002D70D9 /* SwiftyMoneyTests.xctest */,
			);
			name = Products;
			sourceTree = "<group>";
		};
		08568D2B2267BF71002D70D9 /* Money */ = {
			isa = PBXGroup;
			children = (
				08568D2C2267BF71002D70D9 /* Money.h */,
				08568D432267BF8F002D70D9 /* Currency.swift */,
				08568D4D2267C51D002D70D9 /* CurrencyConverter.swift */,
				0820068B22762DE0004F6F58 /* CurrencyExchangeRate.swift */,
				08A37E03227F4B2300AEA5C4 /* CurrencyFormatter.swift */,
				08E7C3B3228211C200FD2592 /* CurrencySubunit.swift */,
				08568D502267C5FC002D70D9 /* Money.swift */,
				08568D2D2267BF71002D70D9 /* Info.plist */,
			);
			path = Money;
			sourceTree = "<group>";
		};
		08568D362267BF71002D70D9 /* MoneyTests */ = {
			isa = PBXGroup;
			children = (
				08E23D132279CFEC001F5B30 /* eurExchangeRates.plist */,
				084EDA492279C0BC0013546F /* PropertyListLoader.swift */,
				082083DD2275F386002E009C /* CurrencyConverterTests.swift */,
				08568D372267BF71002D70D9 /* MoneyTests.swift */,
				08C16AE9227B773400B1FEFA /* MoneyWithConversion.swift */,
				08A37E09227F4BAD00AEA5C4 /* MoneyFormatterTests.swift */,
				08568D392267BF71002D70D9 /* Info.plist */,
				08E7C3DC2282304300FD2592 /* Extensions */,
			);
			path = MoneyTests;
			sourceTree = "<group>";
		};
		08E7C3DC2282304300FD2592 /* Extensions */ = {
			isa = PBXGroup;
			children = (
				08E7C3DA2282300900FD2592 /* PredefinedCurrencies.swift */,
			);
			path = Extensions;
			sourceTree = "<group>";
		};
/* End PBXGroup section */

/* Begin PBXHeadersBuildPhase section */
		08568D242267BF71002D70D9 /* Headers */ = {
			isa = PBXHeadersBuildPhase;
			buildActionMask = 2147483647;
			files = (
				08568D3A2267BF71002D70D9 /* Money.h in Headers */,
			);
			runOnlyForDeploymentPostprocessing = 0;
		};
/* End PBXHeadersBuildPhase section */

/* Begin PBXNativeTarget section */
		08568D282267BF71002D70D9 /* SwiftyMoney */ = {
			isa = PBXNativeTarget;
			buildConfigurationList = 08568D3D2267BF71002D70D9 /* Build configuration list for PBXNativeTarget "SwiftyMoney" */;
			buildPhases = (
				08568D242267BF71002D70D9 /* Headers */,
				08568D252267BF71002D70D9 /* Sources */,
				08568D262267BF71002D70D9 /* Frameworks */,
				08568D272267BF71002D70D9 /* Resources */,
			);
			buildRules = (
			);
			dependencies = (
			);
			name = SwiftyMoney;
			productName = Money;
			productReference = 08568D292267BF71002D70D9 /* SwiftyMoney.framework */;
			productType = "com.apple.product-type.framework";
		};
		08568D312267BF71002D70D9 /* SwiftyMoneyTests */ = {
			isa = PBXNativeTarget;
			buildConfigurationList = 08568D402267BF71002D70D9 /* Build configuration list for PBXNativeTarget "SwiftyMoneyTests" */;
			buildPhases = (
				08568D2E2267BF71002D70D9 /* Sources */,
				08568D2F2267BF71002D70D9 /* Frameworks */,
				08568D302267BF71002D70D9 /* Resources */,
			);
			buildRules = (
			);
			dependencies = (
				08568D352267BF71002D70D9 /* PBXTargetDependency */,
			);
			name = SwiftyMoneyTests;
			productName = MoneyTests;
			productReference = 08568D322267BF71002D70D9 /* SwiftyMoneyTests.xctest */;
			productType = "com.apple.product-type.bundle.unit-test";
		};
/* End PBXNativeTarget section */

/* Begin PBXProject section */
		08568D202267BF71002D70D9 /* Project object */ = {
			isa = PBXProject;
			attributes = {
				LastSwiftUpdateCheck = 1020;
				LastUpgradeCheck = 1020;
				ORGANIZATIONNAME = "Krystian Kopeć";
				TargetAttributes = {
					08568D282267BF71002D70D9 = {
						CreatedOnToolsVersion = 10.2;
						LastSwiftMigration = 1020;
					};
					08568D312267BF71002D70D9 = {
						CreatedOnToolsVersion = 10.2;
					};
				};
			};
			buildConfigurationList = 08568D232267BF71002D70D9 /* Build configuration list for PBXProject "SwiftyMoney" */;
			compatibilityVersion = "Xcode 9.3";
			developmentRegion = en;
			hasScannedForEncodings = 0;
			knownRegions = (
				en,
			);
			mainGroup = 08568D1F2267BF71002D70D9;
			productRefGroup = 08568D2A2267BF71002D70D9 /* Products */;
			projectDirPath = "";
			projectRoot = "";
			targets = (
				08568D282267BF71002D70D9 /* SwiftyMoney */,
				08568D312267BF71002D70D9 /* SwiftyMoneyTests */,
			);
		};
/* End PBXProject section */

/* Begin PBXResourcesBuildPhase section */
		08568D272267BF71002D70D9 /* Resources */ = {
			isa = PBXResourcesBuildPhase;
			buildActionMask = 2147483647;
			files = (
			);
			runOnlyForDeploymentPostprocessing = 0;
		};
		08568D302267BF71002D70D9 /* Resources */ = {
			isa = PBXResourcesBuildPhase;
			buildActionMask = 2147483647;
			files = (
				08C16AE4227B650A00B1FEFA /* eurExchangeRates.plist in Resources */,
			);
			runOnlyForDeploymentPostprocessing = 0;
		};
/* End PBXResourcesBuildPhase section */

/* Begin PBXSourcesBuildPhase section */
		08568D252267BF71002D70D9 /* Sources */ = {
			isa = PBXSourcesBuildPhase;
			buildActionMask = 2147483647;
			files = (
				0820068C22762DE0004F6F58 /* CurrencyExchangeRate.swift in Sources */,
				08A37E04227F4B2300AEA5C4 /* CurrencyFormatter.swift in Sources */,
				08568D4E2267C51D002D70D9 /* CurrencyConverter.swift in Sources */,
				08E7C3B4228211C200FD2592 /* CurrencySubunit.swift in Sources */,
				08568D512267C5FC002D70D9 /* Money.swift in Sources */,
				08568D442267BF8F002D70D9 /* Currency.swift in Sources */,
			);
			runOnlyForDeploymentPostprocessing = 0;
		};
		08568D2E2267BF71002D70D9 /* Sources */ = {
			isa = PBXSourcesBuildPhase;
			buildActionMask = 2147483647;
			files = (
				08A37E05227F4B2300AEA5C4 /* CurrencyFormatter.swift in Sources */,
				08C16AEA227B773400B1FEFA /* MoneyWithConversion.swift in Sources */,
				08A37E0B227F4BAD00AEA5C4 /* MoneyFormatterTests.swift in Sources */,
				08568D4F2267C51D002D70D9 /* CurrencyConverter.swift in Sources */,
				08E7C3DB2282300900FD2592 /* PredefinedCurrencies.swift in Sources */,
				08568D532267D011002D70D9 /* Currency.swift in Sources */,
				084EDA4B2279C0BC0013546F /* PropertyListLoader.swift in Sources */,
				08568D522267C5FC002D70D9 /* Money.swift in Sources */,
				08568D382267BF71002D70D9 /* MoneyTests.swift in Sources */,
				08E7C3B5228211C200FD2592 /* CurrencySubunit.swift in Sources */,
				082083DE2275F386002E009C /* CurrencyConverterTests.swift in Sources */,
				0820068F2276336B004F6F58 /* CurrencyExchangeRate.swift in Sources */,
			);
			runOnlyForDeploymentPostprocessing = 0;
		};
/* End PBXSourcesBuildPhase section */

/* Begin PBXTargetDependency section */
		08568D352267BF71002D70D9 /* PBXTargetDependency */ = {
			isa = PBXTargetDependency;
			target = 08568D282267BF71002D70D9 /* SwiftyMoney */;
			targetProxy = 08568D342267BF71002D70D9 /* PBXContainerItemProxy */;
		};
/* End PBXTargetDependency section */

/* Begin XCBuildConfiguration section */
		08568D3B2267BF71002D70D9 /* Debug */ = {
			isa = XCBuildConfiguration;
			buildSettings = {
				ALWAYS_SEARCH_USER_PATHS = NO;
				CLANG_ANALYZER_NONNULL = YES;
				CLANG_ANALYZER_NUMBER_OBJECT_CONVERSION = YES_AGGRESSIVE;
				CLANG_CXX_LANGUAGE_STANDARD = "gnu++14";
				CLANG_CXX_LIBRARY = "libc++";
				CLANG_ENABLE_MODULES = YES;
				CLANG_ENABLE_OBJC_ARC = YES;
				CLANG_ENABLE_OBJC_WEAK = YES;
				CLANG_WARN_BLOCK_CAPTURE_AUTORELEASING = YES;
				CLANG_WARN_BOOL_CONVERSION = YES;
				CLANG_WARN_COMMA = YES;
				CLANG_WARN_CONSTANT_CONVERSION = YES;
				CLANG_WARN_DEPRECATED_OBJC_IMPLEMENTATIONS = YES;
				CLANG_WARN_DIRECT_OBJC_ISA_USAGE = YES_ERROR;
				CLANG_WARN_DOCUMENTATION_COMMENTS = YES;
				CLANG_WARN_EMPTY_BODY = YES;
				CLANG_WARN_ENUM_CONVERSION = YES;
				CLANG_WARN_INFINITE_RECURSION = YES;
				CLANG_WARN_INT_CONVERSION = YES;
				CLANG_WARN_NON_LITERAL_NULL_CONVERSION = YES;
				CLANG_WARN_OBJC_IMPLICIT_RETAIN_SELF = YES;
				CLANG_WARN_OBJC_LITERAL_CONVERSION = YES;
				CLANG_WARN_OBJC_ROOT_CLASS = YES_ERROR;
				CLANG_WARN_RANGE_LOOP_ANALYSIS = YES;
				CLANG_WARN_STRICT_PROTOTYPES = YES;
				CLANG_WARN_SUSPICIOUS_MOVE = YES;
				CLANG_WARN_UNGUARDED_AVAILABILITY = YES_AGGRESSIVE;
				CLANG_WARN_UNREACHABLE_CODE = YES;
				CLANG_WARN__DUPLICATE_METHOD_MATCH = YES;
				CODE_SIGN_IDENTITY = "iPhone Developer";
				COPY_PHASE_STRIP = NO;
				CURRENT_PROJECT_VERSION = 1;
				DEBUG_INFORMATION_FORMAT = dwarf;
				ENABLE_STRICT_OBJC_MSGSEND = YES;
				ENABLE_TESTABILITY = YES;
				GCC_C_LANGUAGE_STANDARD = gnu11;
				GCC_DYNAMIC_NO_PIC = NO;
				GCC_NO_COMMON_BLOCKS = YES;
				GCC_OPTIMIZATION_LEVEL = 0;
				GCC_PREPROCESSOR_DEFINITIONS = (
					"DEBUG=1",
					"$(inherited)",
				);
				GCC_WARN_64_TO_32_BIT_CONVERSION = YES;
				GCC_WARN_ABOUT_RETURN_TYPE = YES_ERROR;
				GCC_WARN_UNDECLARED_SELECTOR = YES;
				GCC_WARN_UNINITIALIZED_AUTOS = YES_AGGRESSIVE;
				GCC_WARN_UNUSED_FUNCTION = YES;
				GCC_WARN_UNUSED_VARIABLE = YES;
				IPHONEOS_DEPLOYMENT_TARGET = 12.2;
				MTL_ENABLE_DEBUG_INFO = INCLUDE_SOURCE;
				MTL_FAST_MATH = YES;
				ONLY_ACTIVE_ARCH = YES;
				SDKROOT = iphoneos;
				SWIFT_ACTIVE_COMPILATION_CONDITIONS = DEBUG;
				SWIFT_OPTIMIZATION_LEVEL = "-Onone";
				SWIFT_VERSION = 4.2;
				VERSIONING_SYSTEM = "apple-generic";
				VERSION_INFO_PREFIX = "";
			};
			name = Debug;
		};
		08568D3C2267BF71002D70D9 /* Release */ = {
			isa = XCBuildConfiguration;
			buildSettings = {
				ALWAYS_SEARCH_USER_PATHS = NO;
				CLANG_ANALYZER_NONNULL = YES;
				CLANG_ANALYZER_NUMBER_OBJECT_CONVERSION = YES_AGGRESSIVE;
				CLANG_CXX_LANGUAGE_STANDARD = "gnu++14";
				CLANG_CXX_LIBRARY = "libc++";
				CLANG_ENABLE_MODULES = YES;
				CLANG_ENABLE_OBJC_ARC = YES;
				CLANG_ENABLE_OBJC_WEAK = YES;
				CLANG_WARN_BLOCK_CAPTURE_AUTORELEASING = YES;
				CLANG_WARN_BOOL_CONVERSION = YES;
				CLANG_WARN_COMMA = YES;
				CLANG_WARN_CONSTANT_CONVERSION = YES;
				CLANG_WARN_DEPRECATED_OBJC_IMPLEMENTATIONS = YES;
				CLANG_WARN_DIRECT_OBJC_ISA_USAGE = YES_ERROR;
				CLANG_WARN_DOCUMENTATION_COMMENTS = YES;
				CLANG_WARN_EMPTY_BODY = YES;
				CLANG_WARN_ENUM_CONVERSION = YES;
				CLANG_WARN_INFINITE_RECURSION = YES;
				CLANG_WARN_INT_CONVERSION = YES;
				CLANG_WARN_NON_LITERAL_NULL_CONVERSION = YES;
				CLANG_WARN_OBJC_IMPLICIT_RETAIN_SELF = YES;
				CLANG_WARN_OBJC_LITERAL_CONVERSION = YES;
				CLANG_WARN_OBJC_ROOT_CLASS = YES_ERROR;
				CLANG_WARN_RANGE_LOOP_ANALYSIS = YES;
				CLANG_WARN_STRICT_PROTOTYPES = YES;
				CLANG_WARN_SUSPICIOUS_MOVE = YES;
				CLANG_WARN_UNGUARDED_AVAILABILITY = YES_AGGRESSIVE;
				CLANG_WARN_UNREACHABLE_CODE = YES;
				CLANG_WARN__DUPLICATE_METHOD_MATCH = YES;
				CODE_SIGN_IDENTITY = "iPhone Developer";
				COPY_PHASE_STRIP = NO;
				CURRENT_PROJECT_VERSION = 1;
				DEBUG_INFORMATION_FORMAT = "dwarf-with-dsym";
				ENABLE_NS_ASSERTIONS = NO;
				ENABLE_STRICT_OBJC_MSGSEND = YES;
				GCC_C_LANGUAGE_STANDARD = gnu11;
				GCC_NO_COMMON_BLOCKS = YES;
				GCC_WARN_64_TO_32_BIT_CONVERSION = YES;
				GCC_WARN_ABOUT_RETURN_TYPE = YES_ERROR;
				GCC_WARN_UNDECLARED_SELECTOR = YES;
				GCC_WARN_UNINITIALIZED_AUTOS = YES_AGGRESSIVE;
				GCC_WARN_UNUSED_FUNCTION = YES;
				GCC_WARN_UNUSED_VARIABLE = YES;
				IPHONEOS_DEPLOYMENT_TARGET = 12.2;
				MTL_ENABLE_DEBUG_INFO = NO;
				MTL_FAST_MATH = YES;
				SDKROOT = iphoneos;
				SWIFT_COMPILATION_MODE = wholemodule;
				SWIFT_OPTIMIZATION_LEVEL = "-O";
				SWIFT_VERSION = 4.2;
				VALIDATE_PRODUCT = YES;
				VERSIONING_SYSTEM = "apple-generic";
				VERSION_INFO_PREFIX = "";
			};
			name = Release;
		};
		08568D3E2267BF71002D70D9 /* Debug */ = {
			isa = XCBuildConfiguration;
			buildSettings = {
				CLANG_ENABLE_MODULES = YES;
				CODE_SIGN_IDENTITY = "";
				CODE_SIGN_STYLE = Automatic;
				DEFINES_MODULE = YES;
				DEVELOPMENT_TEAM = BRFSWM348Z;
				DYLIB_COMPATIBILITY_VERSION = 1;
				DYLIB_CURRENT_VERSION = 1;
				DYLIB_INSTALL_NAME_BASE = "@rpath";
				INFOPLIST_FILE = Money/Info.plist;
				INSTALL_PATH = "$(LOCAL_LIBRARY_DIR)/Frameworks";
				LD_RUNPATH_SEARCH_PATHS = (
					"$(inherited)",
					"@executable_path/Frameworks",
					"@loader_path/Frameworks",
				);
				PRODUCT_BUNDLE_IDENTIFIER = kr.kopec.SwiftyMoney;
				PRODUCT_NAME = "$(TARGET_NAME:c99extidentifier)";
				SKIP_INSTALL = YES;
				SWIFT_OPTIMIZATION_LEVEL = "-Onone";
				SWIFT_VERSION = 5.0;
				TARGETED_DEVICE_FAMILY = "1,2";
			};
			name = Debug;
		};
		08568D3F2267BF71002D70D9 /* Release */ = {
			isa = XCBuildConfiguration;
			buildSettings = {
				CLANG_ENABLE_MODULES = YES;
				CODE_SIGN_IDENTITY = "";
				CODE_SIGN_STYLE = Automatic;
				DEFINES_MODULE = YES;
				DEVELOPMENT_TEAM = BRFSWM348Z;
				DYLIB_COMPATIBILITY_VERSION = 1;
				DYLIB_CURRENT_VERSION = 1;
				DYLIB_INSTALL_NAME_BASE = "@rpath";
				INFOPLIST_FILE = Money/Info.plist;
				INSTALL_PATH = "$(LOCAL_LIBRARY_DIR)/Frameworks";
				LD_RUNPATH_SEARCH_PATHS = (
					"$(inherited)",
					"@executable_path/Frameworks",
					"@loader_path/Frameworks",
				);
				PRODUCT_BUNDLE_IDENTIFIER = kr.kopec.SwiftyMoney;
				PRODUCT_NAME = "$(TARGET_NAME:c99extidentifier)";
				SKIP_INSTALL = YES;
				SWIFT_VERSION = 5.0;
				TARGETED_DEVICE_FAMILY = "1,2";
			};
			name = Release;
		};
		08568D412267BF71002D70D9 /* Debug */ = {
			isa = XCBuildConfiguration;
			buildSettings = {
				ALWAYS_EMBED_SWIFT_STANDARD_LIBRARIES = YES;
				CODE_SIGN_STYLE = Automatic;
				DEVELOPMENT_TEAM = BRFSWM348Z;
				INFOPLIST_FILE = MoneyTests/Info.plist;
				LD_RUNPATH_SEARCH_PATHS = (
					"$(inherited)",
					"@executable_path/Frameworks",
					"@loader_path/Frameworks",
				);
				PRODUCT_BUNDLE_IDENTIFIER = kr.kopec.MoneyTests;
				PRODUCT_NAME = "$(TARGET_NAME)";
				SWIFT_VERSION = 5.0;
				TARGETED_DEVICE_FAMILY = "1,2";
			};
			name = Debug;
		};
		08568D422267BF71002D70D9 /* Release */ = {
			isa = XCBuildConfiguration;
			buildSettings = {
				ALWAYS_EMBED_SWIFT_STANDARD_LIBRARIES = YES;
				CODE_SIGN_STYLE = Automatic;
				DEVELOPMENT_TEAM = BRFSWM348Z;
				INFOPLIST_FILE = MoneyTests/Info.plist;
				LD_RUNPATH_SEARCH_PATHS = (
					"$(inherited)",
					"@executable_path/Frameworks",
					"@loader_path/Frameworks",
				);
				PRODUCT_BUNDLE_IDENTIFIER = kr.kopec.MoneyTests;
				PRODUCT_NAME = "$(TARGET_NAME)";
				SWIFT_VERSION = 5.0;
				TARGETED_DEVICE_FAMILY = "1,2";
			};
			name = Release;
		};
/* End XCBuildConfiguration section */

/* Begin XCConfigurationList section */
		08568D232267BF71002D70D9 /* Build configuration list for PBXProject "SwiftyMoney" */ = {
			isa = XCConfigurationList;
			buildConfigurations = (
				08568D3B2267BF71002D70D9 /* Debug */,
				08568D3C2267BF71002D70D9 /* Release */,
			);
			defaultConfigurationIsVisible = 0;
			defaultConfigurationName = Release;
		};
		08568D3D2267BF71002D70D9 /* Build configuration list for PBXNativeTarget "SwiftyMoney" */ = {
			isa = XCConfigurationList;
			buildConfigurations = (
				08568D3E2267BF71002D70D9 /* Debug */,
				08568D3F2267BF71002D70D9 /* Release */,
			);
			defaultConfigurationIsVisible = 0;
			defaultConfigurationName = Release;
		};
		08568D402267BF71002D70D9 /* Build configuration list for PBXNativeTarget "SwiftyMoneyTests" */ = {
			isa = XCConfigurationList;
			buildConfigurations = (
				08568D412267BF71002D70D9 /* Debug */,
				08568D422267BF71002D70D9 /* Release */,
			);
			defaultConfigurationIsVisible = 0;
			defaultConfigurationName = Release;
		};
/* End XCConfigurationList section */
	};
	rootObject = 08568D202267BF71002D70D9 /* Project object */;
}
